// !$*UTF8*$!
{
	archiveVersion = 1;
	classes = {
	};
	objectVersion = 46;
	objects = {

/* Begin PBXBuildFile section */
		C2DDB4ED1B037ABD004A1AB8 /* Calendar.cpp in Sources */ = {isa = PBXBuildFile; fileRef = C2DDB4E41B037ABD004A1AB8 /* Calendar.cpp */; };
		C2DDB4EE1B037ABD004A1AB8 /* Date.cpp in Sources */ = {isa = PBXBuildFile; fileRef = C2DDB4E71B037ABD004A1AB8 /* Date.cpp */; };
		C2DDB4EF1B037ABD004A1AB8 /* LiturgicDay.cpp in Sources */ = {isa = PBXBuildFile; fileRef = C2DDB4E91B037ABD004A1AB8 /* LiturgicDay.cpp */; };
		C2DDB4F01B037ABD004A1AB8 /* LiturgicYear.cpp in Sources */ = {isa = PBXBuildFile; fileRef = C2DDB4EB1B037ABD004A1AB8 /* LiturgicYear.cpp */; };
		C2DDB4F71B038B3C004A1AB8 /* LiturgicWrapper.mm in Sources */ = {isa = PBXBuildFile; fileRef = C2DDB4F61B038B3C004A1AB8 /* LiturgicWrapper.mm */; };
		C330E4D11B030C1C00BED6D9 /* CoreGraphics.framework in Frameworks */ = {isa = PBXBuildFile; fileRef = C330E4D01B030C1C00BED6D9 /* CoreGraphics.framework */; };
		C330E4D21B030C2700BED6D9 /* QuartzCore.framework in Frameworks */ = {isa = PBXBuildFile; fileRef = 320AF8492C47A4D819F7C450 /* QuartzCore.framework */; };
		C330E4D51B031CC000BED6D9 /* Default-568h@2x.png in Resources */ = {isa = PBXBuildFile; fileRef = C330E4D41B031CC000BED6D9 /* Default-568h@2x.png */; };
		C3C1B46D1B026728003D92E1 /* DetailViewController.m in Sources */ = {isa = PBXBuildFile; fileRef = C3C1B46C1B026728003D92E1 /* DetailViewController.m */; };
		C3C1B4701B0267DB003D92E1 /* GetJSON.m in Sources */ = {isa = PBXBuildFile; fileRef = C3C1B46F1B0267DB003D92E1 /* GetJSON.m */; };
		C3C1B4751B0267F7003D92E1 /* GTMNSString+HTML.m in Sources */ = {isa = PBXBuildFile; fileRef = C3C1B4721B0267F7003D92E1 /* GTMNSString+HTML.m */; settings = {COMPILER_FLAGS = "-fno-objc-arc"; }; };
		C3C1B4761B0267F7003D92E1 /* NSString+HTML.m in Sources */ = {isa = PBXBuildFile; fileRef = C3C1B4741B0267F7003D92E1 /* NSString+HTML.m */; settings = {COMPILER_FLAGS = "-fno-objc-arc"; }; };
		C3C1B4791B02681C003D92E1 /* NSString+Encode.m in Sources */ = {isa = PBXBuildFile; fileRef = C3C1B4781B02681C003D92E1 /* NSString+Encode.m */; settings = {COMPILER_FLAGS = "-fno-objc-arc"; }; };
		C3C1B47C1B026F31003D92E1 /* IFNNotificationDisplay.m in Sources */ = {isa = PBXBuildFile; fileRef = C3C1B47B1B026F31003D92E1 /* IFNNotificationDisplay.m */; };
		C3C1B47F1B026F72003D92E1 /* Constants.m in Sources */ = {isa = PBXBuildFile; fileRef = C3C1B47E1B026F72003D92E1 /* Constants.m */; };
		C3C799161B049BEC003BED05 /* FSCalendar.m in Sources */ = {isa = PBXBuildFile; fileRef = C3C7990B1B049BEC003BED05 /* FSCalendar.m */; };
		C3C799171B049BEC003BED05 /* FSCalendarCell.m in Sources */ = {isa = PBXBuildFile; fileRef = C3C7990D1B049BEC003BED05 /* FSCalendarCell.m */; };
		C3C799181B049BEC003BED05 /* FSCalendarHeader.m in Sources */ = {isa = PBXBuildFile; fileRef = C3C7990F1B049BEC003BED05 /* FSCalendarHeader.m */; };
		C3C799191B049BEC003BED05 /* NSCalendar+FSExtension.m in Sources */ = {isa = PBXBuildFile; fileRef = C3C799111B049BEC003BED05 /* NSCalendar+FSExtension.m */; };
		C3C7991A1B049BEC003BED05 /* NSDate+FSExtension.m in Sources */ = {isa = PBXBuildFile; fileRef = C3C799131B049BEC003BED05 /* NSDate+FSExtension.m */; };
		C3C7991B1B049BEC003BED05 /* UIView+FSExtension.m in Sources */ = {isa = PBXBuildFile; fileRef = C3C799151B049BEC003BED05 /* UIView+FSExtension.m */; };
		C3C7991F1B049C9F003BED05 /* CalViewController.m in Sources */ = {isa = PBXBuildFile; fileRef = C3C7991E1B049C9F003BED05 /* CalViewController.m */; };
		C3C799231B04C6AC003BED05 /* DailyLessonViewController.m in Sources */ = {isa = PBXBuildFile; fileRef = C3C799221B04C6AC003BED05 /* DailyLessonViewController.m */; };
		CEBDC7A513D860C000A5E6F2 /* UIKit.framework in Frameworks */ = {isa = PBXBuildFile; fileRef = CEBDC7A413D860C000A5E6F2 /* UIKit.framework */; };
		CEBDC7A713D860C000A5E6F2 /* Foundation.framework in Frameworks */ = {isa = PBXBuildFile; fileRef = CEBDC7A613D860C000A5E6F2 /* Foundation.framework */; };
		CEBDC7B213D860C000A5E6F2 /* main.m in Sources */ = {isa = PBXBuildFile; fileRef = CEBDC7B113D860C000A5E6F2 /* main.m */; };
		CEBDC7B513D860C000A5E6F2 /* newsAppDelegate.m in Sources */ = {isa = PBXBuildFile; fileRef = CEBDC7B413D860C000A5E6F2 /* newsAppDelegate.m */; };
		CEBDC7C513D86F3A00A5E6F2 /* NewsItem.m in Sources */ = {isa = PBXBuildFile; fileRef = CEBDC7C413D86F3A00A5E6F2 /* NewsItem.m */; };
/* End PBXBuildFile section */

/* Begin PBXFileReference section */
		320AF8492C47A4D819F7C450 /* QuartzCore.framework */ = {isa = PBXFileReference; lastKnownFileType = wrapper.framework; name = QuartzCore.framework; path = System/Library/Frameworks/QuartzCore.framework; sourceTree = SDKROOT; };
		C2DDB4E41B037ABD004A1AB8 /* Calendar.cpp */ = {isa = PBXFileReference; fileEncoding = 4; lastKnownFileType = sourcecode.cpp.cpp; path = Calendar.cpp; sourceTree = "<group>"; };
		C2DDB4E51B037ABD004A1AB8 /* Calendar.h */ = {isa = PBXFileReference; fileEncoding = 4; lastKnownFileType = sourcecode.c.h; path = Calendar.h; sourceTree = "<group>"; };
		C2DDB4E61B037ABD004A1AB8 /* CalendarDefine.h */ = {isa = PBXFileReference; fileEncoding = 4; lastKnownFileType = sourcecode.c.h; path = CalendarDefine.h; sourceTree = "<group>"; };
		C2DDB4E71B037ABD004A1AB8 /* Date.cpp */ = {isa = PBXFileReference; fileEncoding = 4; lastKnownFileType = sourcecode.cpp.cpp; path = Date.cpp; sourceTree = "<group>"; };
		C2DDB4E81B037ABD004A1AB8 /* Date.h */ = {isa = PBXFileReference; fileEncoding = 4; lastKnownFileType = sourcecode.c.h; path = Date.h; sourceTree = "<group>"; };
		C2DDB4E91B037ABD004A1AB8 /* LiturgicDay.cpp */ = {isa = PBXFileReference; fileEncoding = 4; lastKnownFileType = sourcecode.cpp.cpp; path = LiturgicDay.cpp; sourceTree = "<group>"; };
		C2DDB4EA1B037ABD004A1AB8 /* LiturgicDay.h */ = {isa = PBXFileReference; fileEncoding = 4; lastKnownFileType = sourcecode.c.h; path = LiturgicDay.h; sourceTree = "<group>"; };
		C2DDB4EB1B037ABD004A1AB8 /* LiturgicYear.cpp */ = {isa = PBXFileReference; fileEncoding = 4; lastKnownFileType = sourcecode.cpp.cpp; path = LiturgicYear.cpp; sourceTree = "<group>"; };
		C2DDB4EC1B037ABD004A1AB8 /* LiturgicYear.h */ = {isa = PBXFileReference; fileEncoding = 4; lastKnownFileType = sourcecode.c.h; path = LiturgicYear.h; sourceTree = "<group>"; };
		C2DDB4F61B038B3C004A1AB8 /* LiturgicWrapper.mm */ = {isa = PBXFileReference; fileEncoding = 4; lastKnownFileType = sourcecode.cpp.objcpp; path = LiturgicWrapper.mm; sourceTree = "<group>"; };
		C2DDB4F81B038BDD004A1AB8 /* LiturgicWrapper.h */ = {isa = PBXFileReference; fileEncoding = 4; lastKnownFileType = sourcecode.c.h; path = LiturgicWrapper.h; sourceTree = "<group>"; };
		C330E4D01B030C1C00BED6D9 /* CoreGraphics.framework */ = {isa = PBXFileReference; lastKnownFileType = wrapper.framework; name = CoreGraphics.framework; path = System/Library/Frameworks/CoreGraphics.framework; sourceTree = SDKROOT; };
		C330E4D41B031CC000BED6D9 /* Default-568h@2x.png */ = {isa = PBXFileReference; lastKnownFileType = image.png; path = "Default-568h@2x.png"; sourceTree = "<group>"; };
		C3C1B46B1B026728003D92E1 /* DetailViewController.h */ = {isa = PBXFileReference; fileEncoding = 4; lastKnownFileType = sourcecode.c.h; path = DetailViewController.h; sourceTree = "<group>"; };
		C3C1B46C1B026728003D92E1 /* DetailViewController.m */ = {isa = PBXFileReference; fileEncoding = 4; lastKnownFileType = sourcecode.c.objc; path = DetailViewController.m; sourceTree = "<group>"; };
		C3C1B46E1B0267DB003D92E1 /* GetJSON.h */ = {isa = PBXFileReference; fileEncoding = 4; lastKnownFileType = sourcecode.c.h; path = GetJSON.h; sourceTree = "<group>"; };
		C3C1B46F1B0267DB003D92E1 /* GetJSON.m */ = {isa = PBXFileReference; fileEncoding = 4; lastKnownFileType = sourcecode.c.objc; path = GetJSON.m; sourceTree = "<group>"; };
		C3C1B4711B0267F7003D92E1 /* GTMNSString+HTML.h */ = {isa = PBXFileReference; fileEncoding = 4; lastKnownFileType = sourcecode.c.h; path = "GTMNSString+HTML.h"; sourceTree = "<group>"; };
		C3C1B4721B0267F7003D92E1 /* GTMNSString+HTML.m */ = {isa = PBXFileReference; fileEncoding = 4; lastKnownFileType = sourcecode.c.objc; path = "GTMNSString+HTML.m"; sourceTree = "<group>"; };
		C3C1B4731B0267F7003D92E1 /* NSString+HTML.h */ = {isa = PBXFileReference; fileEncoding = 4; lastKnownFileType = sourcecode.c.h; path = "NSString+HTML.h"; sourceTree = "<group>"; };
		C3C1B4741B0267F7003D92E1 /* NSString+HTML.m */ = {isa = PBXFileReference; fileEncoding = 4; lastKnownFileType = sourcecode.c.objc; path = "NSString+HTML.m"; sourceTree = "<group>"; };
		C3C1B4771B02681C003D92E1 /* NSString+Encode.h */ = {isa = PBXFileReference; fileEncoding = 4; lastKnownFileType = sourcecode.c.h; path = "NSString+Encode.h"; sourceTree = "<group>"; };
		C3C1B4781B02681C003D92E1 /* NSString+Encode.m */ = {isa = PBXFileReference; fileEncoding = 4; lastKnownFileType = sourcecode.c.objc; path = "NSString+Encode.m"; sourceTree = "<group>"; };
		C3C1B47A1B026F31003D92E1 /* IFNNotificationDisplay.h */ = {isa = PBXFileReference; fileEncoding = 4; lastKnownFileType = sourcecode.c.h; path = IFNNotificationDisplay.h; sourceTree = "<group>"; };
		C3C1B47B1B026F31003D92E1 /* IFNNotificationDisplay.m */ = {isa = PBXFileReference; fileEncoding = 4; lastKnownFileType = sourcecode.c.objc; path = IFNNotificationDisplay.m; sourceTree = "<group>"; };
		C3C1B47D1B026F72003D92E1 /* Constants.h */ = {isa = PBXFileReference; fileEncoding = 4; lastKnownFileType = sourcecode.c.h; path = Constants.h; sourceTree = "<group>"; };
		C3C1B47E1B026F72003D92E1 /* Constants.m */ = {isa = PBXFileReference; fileEncoding = 4; lastKnownFileType = sourcecode.c.objc; path = Constants.m; sourceTree = "<group>"; };
		C3C7990A1B049BEC003BED05 /* FSCalendar.h */ = {isa = PBXFileReference; fileEncoding = 4; lastKnownFileType = sourcecode.c.h; path = FSCalendar.h; sourceTree = "<group>"; };
		C3C7990B1B049BEC003BED05 /* FSCalendar.m */ = {isa = PBXFileReference; fileEncoding = 4; lastKnownFileType = sourcecode.c.objc; path = FSCalendar.m; sourceTree = "<group>"; };
		C3C7990C1B049BEC003BED05 /* FSCalendarCell.h */ = {isa = PBXFileReference; fileEncoding = 4; lastKnownFileType = sourcecode.c.h; path = FSCalendarCell.h; sourceTree = "<group>"; };
		C3C7990D1B049BEC003BED05 /* FSCalendarCell.m */ = {isa = PBXFileReference; fileEncoding = 4; lastKnownFileType = sourcecode.c.objc; path = FSCalendarCell.m; sourceTree = "<group>"; };
		C3C7990E1B049BEC003BED05 /* FSCalendarHeader.h */ = {isa = PBXFileReference; fileEncoding = 4; lastKnownFileType = sourcecode.c.h; path = FSCalendarHeader.h; sourceTree = "<group>"; };
		C3C7990F1B049BEC003BED05 /* FSCalendarHeader.m */ = {isa = PBXFileReference; fileEncoding = 4; lastKnownFileType = sourcecode.c.objc; path = FSCalendarHeader.m; sourceTree = "<group>"; };
		C3C799101B049BEC003BED05 /* NSCalendar+FSExtension.h */ = {isa = PBXFileReference; fileEncoding = 4; lastKnownFileType = sourcecode.c.h; path = "NSCalendar+FSExtension.h"; sourceTree = "<group>"; };
		C3C799111B049BEC003BED05 /* NSCalendar+FSExtension.m */ = {isa = PBXFileReference; fileEncoding = 4; lastKnownFileType = sourcecode.c.objc; path = "NSCalendar+FSExtension.m"; sourceTree = "<group>"; };
		C3C799121B049BEC003BED05 /* NSDate+FSExtension.h */ = {isa = PBXFileReference; fileEncoding = 4; lastKnownFileType = sourcecode.c.h; path = "NSDate+FSExtension.h"; sourceTree = "<group>"; };
		C3C799131B049BEC003BED05 /* NSDate+FSExtension.m */ = {isa = PBXFileReference; fileEncoding = 4; lastKnownFileType = sourcecode.c.objc; path = "NSDate+FSExtension.m"; sourceTree = "<group>"; };
		C3C799141B049BEC003BED05 /* UIView+FSExtension.h */ = {isa = PBXFileReference; fileEncoding = 4; lastKnownFileType = sourcecode.c.h; path = "UIView+FSExtension.h"; sourceTree = "<group>"; };
		C3C799151B049BEC003BED05 /* UIView+FSExtension.m */ = {isa = PBXFileReference; fileEncoding = 4; lastKnownFileType = sourcecode.c.objc; path = "UIView+FSExtension.m"; sourceTree = "<group>"; };
		C3C7991D1B049C9F003BED05 /* CalViewController.h */ = {isa = PBXFileReference; fileEncoding = 4; lastKnownFileType = sourcecode.c.h; path = CalViewController.h; sourceTree = "<group>"; };
		C3C7991E1B049C9F003BED05 /* CalViewController.m */ = {isa = PBXFileReference; fileEncoding = 4; lastKnownFileType = sourcecode.c.objc; path = CalViewController.m; sourceTree = "<group>"; };
		C3C799211B04C6AC003BED05 /* DailyLessonViewController.h */ = {isa = PBXFileReference; fileEncoding = 4; lastKnownFileType = sourcecode.c.h; path = DailyLessonViewController.h; sourceTree = "<group>"; };
		C3C799221B04C6AC003BED05 /* DailyLessonViewController.m */ = {isa = PBXFileReference; fileEncoding = 4; lastKnownFileType = sourcecode.c.objc; path = DailyLessonViewController.m; sourceTree = "<group>"; };
		CE972F161434BD2100878A20 /* Catholic Calendar.app */ = {isa = PBXFileReference; explicitFileType = wrapper.application; includeInIndex = 0; path = "Catholic Calendar.app"; sourceTree = BUILT_PRODUCTS_DIR; };
		CEBDC7A413D860C000A5E6F2 /* UIKit.framework */ = {isa = PBXFileReference; lastKnownFileType = wrapper.framework; name = UIKit.framework; path = System/Library/Frameworks/UIKit.framework; sourceTree = SDKROOT; };
		CEBDC7A613D860C000A5E6F2 /* Foundation.framework */ = {isa = PBXFileReference; lastKnownFileType = wrapper.framework; name = Foundation.framework; path = System/Library/Frameworks/Foundation.framework; sourceTree = SDKROOT; };
		CEBDC7AC13D860C000A5E6F2 /* news-Info.plist */ = {isa = PBXFileReference; lastKnownFileType = text.plist.xml; path = "news-Info.plist"; sourceTree = "<group>"; };
		CEBDC7B113D860C000A5E6F2 /* main.m */ = {isa = PBXFileReference; lastKnownFileType = sourcecode.c.objc; path = main.m; sourceTree = "<group>"; };
		CEBDC7B313D860C000A5E6F2 /* newsAppDelegate.h */ = {isa = PBXFileReference; lastKnownFileType = sourcecode.c.h; path = newsAppDelegate.h; sourceTree = "<group>"; };
		CEBDC7B413D860C000A5E6F2 /* newsAppDelegate.m */ = {isa = PBXFileReference; lastKnownFileType = sourcecode.c.objc; path = newsAppDelegate.m; sourceTree = "<group>"; };
		CEBDC7C313D86F3A00A5E6F2 /* NewsItem.h */ = {isa = PBXFileReference; fileEncoding = 4; lastKnownFileType = sourcecode.c.h; path = NewsItem.h; sourceTree = "<group>"; };
		CEBDC7C413D86F3A00A5E6F2 /* NewsItem.m */ = {isa = PBXFileReference; fileEncoding = 4; lastKnownFileType = sourcecode.c.objc; path = NewsItem.m; sourceTree = "<group>"; };
/* End PBXFileReference section */

/* Begin PBXFrameworksBuildPhase section */
		CEBDC79D13D860C000A5E6F2 /* Frameworks */ = {
			isa = PBXFrameworksBuildPhase;
			buildActionMask = 2147483647;
			files = (
				C330E4D21B030C2700BED6D9 /* QuartzCore.framework in Frameworks */,
				C330E4D11B030C1C00BED6D9 /* CoreGraphics.framework in Frameworks */,
				CEBDC7A513D860C000A5E6F2 /* UIKit.framework in Frameworks */,
				CEBDC7A713D860C000A5E6F2 /* Foundation.framework in Frameworks */,
			);
			runOnlyForDeploymentPostprocessing = 0;
		};
/* End PBXFrameworksBuildPhase section */

/* Begin PBXGroup section */
		C2DDB4E31B037ABD004A1AB8 /* Liturgic */ = {
			isa = PBXGroup;
			children = (
				C2DDB4E41B037ABD004A1AB8 /* Calendar.cpp */,
				C2DDB4E51B037ABD004A1AB8 /* Calendar.h */,
				C2DDB4E61B037ABD004A1AB8 /* CalendarDefine.h */,
				C2DDB4E71B037ABD004A1AB8 /* Date.cpp */,
				C2DDB4E81B037ABD004A1AB8 /* Date.h */,
				C2DDB4E91B037ABD004A1AB8 /* LiturgicDay.cpp */,
				C2DDB4EA1B037ABD004A1AB8 /* LiturgicDay.h */,
				C2DDB4EB1B037ABD004A1AB8 /* LiturgicYear.cpp */,
				C2DDB4EC1B037ABD004A1AB8 /* LiturgicYear.h */,
				C2DDB4F61B038B3C004A1AB8 /* LiturgicWrapper.mm */,
				C2DDB4F81B038BDD004A1AB8 /* LiturgicWrapper.h */,
			);
			name = Liturgic;
			path = ../Liturgic;
			sourceTree = "<group>";
		};
		C3C799091B049BAC003BED05 /* FSCalendar */ = {
			isa = PBXGroup;
			children = (
				C3C7990A1B049BEC003BED05 /* FSCalendar.h */,
				C3C7990B1B049BEC003BED05 /* FSCalendar.m */,
				C3C7990C1B049BEC003BED05 /* FSCalendarCell.h */,
				C3C7990D1B049BEC003BED05 /* FSCalendarCell.m */,
				C3C7990E1B049BEC003BED05 /* FSCalendarHeader.h */,
				C3C7990F1B049BEC003BED05 /* FSCalendarHeader.m */,
				C3C799101B049BEC003BED05 /* NSCalendar+FSExtension.h */,
				C3C799111B049BEC003BED05 /* NSCalendar+FSExtension.m */,
				C3C799121B049BEC003BED05 /* NSDate+FSExtension.h */,
				C3C799131B049BEC003BED05 /* NSDate+FSExtension.m */,
				C3C799141B049BEC003BED05 /* UIView+FSExtension.h */,
				C3C799151B049BEC003BED05 /* UIView+FSExtension.m */,
			);
			name = FSCalendar;
			sourceTree = "<group>";
		};
		CE9403EE144ACEE500374722 /* Resources */ = {
			isa = PBXGroup;
			children = (
			);
			name = Resources;
			path = news;
			sourceTree = "<group>";
		};
		CE98D655147D3884006D8314 /* UIViewControllerClasses */ = {
			isa = PBXGroup;
			children = (
				C3C7991D1B049C9F003BED05 /* CalViewController.h */,
				C3C7991E1B049C9F003BED05 /* CalViewController.m */,
				C3C799211B04C6AC003BED05 /* DailyLessonViewController.h */,
				C3C799221B04C6AC003BED05 /* DailyLessonViewController.m */,
				C3C1B46B1B026728003D92E1 /* DetailViewController.h */,
				C3C1B46C1B026728003D92E1 /* DetailViewController.m */,
			);
			name = UIViewControllerClasses;
			sourceTree = "<group>";
		};
		CEA52402147915A600926DD4 /* HelperClasses */ = {
			isa = PBXGroup;
			children = (
				C2DDB4E31B037ABD004A1AB8 /* Liturgic */,
				C3C1B4711B0267F7003D92E1 /* GTMNSString+HTML.h */,
				C3C1B4721B0267F7003D92E1 /* GTMNSString+HTML.m */,
				C3C1B4731B0267F7003D92E1 /* NSString+HTML.h */,
				C3C1B4741B0267F7003D92E1 /* NSString+HTML.m */,
				C3C1B4771B02681C003D92E1 /* NSString+Encode.h */,
				C3C1B4781B02681C003D92E1 /* NSString+Encode.m */,
				C3C1B47A1B026F31003D92E1 /* IFNNotificationDisplay.h */,
				C3C1B47B1B026F31003D92E1 /* IFNNotificationDisplay.m */,
				C3C1B46E1B0267DB003D92E1 /* GetJSON.h */,
				C3C1B46F1B0267DB003D92E1 /* GetJSON.m */,
				CEBDC7C313D86F3A00A5E6F2 /* NewsItem.h */,
				CEBDC7C413D86F3A00A5E6F2 /* NewsItem.m */,
			);
			name = HelperClasses;
			sourceTree = "<group>";
		};
		CEBDC79513D860C000A5E6F2 = {
			isa = PBXGroup;
			children = (
				C330E4D41B031CC000BED6D9 /* Default-568h@2x.png */,
				CE9403EE144ACEE500374722 /* Resources */,
				CEBDC7AB13D860C000A5E6F2 /* Supporting Files */,
				CEBDC7AA13D860C000A5E6F2 /* Classes */,
				CEBDC7A313D860C000A5E6F2 /* Frameworks */,
				CEBDC7A113D860C000A5E6F2 /* Products */,
			);
			sourceTree = "<group>";
		};
		CEBDC7A113D860C000A5E6F2 /* Products */ = {
			isa = PBXGroup;
			children = (
				CE972F161434BD2100878A20 /* Catholic Calendar.app */,
			);
			name = Products;
			sourceTree = "<group>";
		};
		CEBDC7A313D860C000A5E6F2 /* Frameworks */ = {
			isa = PBXGroup;
			children = (
				C3C799091B049BAC003BED05 /* FSCalendar */,
				C330E4D01B030C1C00BED6D9 /* CoreGraphics.framework */,
				320AF8492C47A4D819F7C450 /* QuartzCore.framework */,
				CEBDC7A413D860C000A5E6F2 /* UIKit.framework */,
				CEBDC7A613D860C000A5E6F2 /* Foundation.framework */,
			);
			name = Frameworks;
			sourceTree = "<group>";
		};
		CEBDC7AA13D860C000A5E6F2 /* Classes */ = {
			isa = PBXGroup;
			children = (
				CEBDC7B313D860C000A5E6F2 /* newsAppDelegate.h */,
				CEBDC7B413D860C000A5E6F2 /* newsAppDelegate.m */,
				C3C1B47D1B026F72003D92E1 /* Constants.h */,
				C3C1B47E1B026F72003D92E1 /* Constants.m */,
				CE98D655147D3884006D8314 /* UIViewControllerClasses */,
				CEA52402147915A600926DD4 /* HelperClasses */,
			);
			name = Classes;
			path = news;
			sourceTree = "<group>";
		};
		CEBDC7AB13D860C000A5E6F2 /* Supporting Files */ = {
			isa = PBXGroup;
			children = (
				CEBDC7AC13D860C000A5E6F2 /* news-Info.plist */,
				CEBDC7B113D860C000A5E6F2 /* main.m */,
			);
			name = "Supporting Files";
			path = news;
			sourceTree = "<group>";
		};
/* End PBXGroup section */

/* Begin PBXNativeTarget section */
		CEBDC79F13D860C000A5E6F2 /* news */ = {
			isa = PBXNativeTarget;
			buildConfigurationList = CEBDC7BB13D860C000A5E6F2 /* Build configuration list for PBXNativeTarget "news" */;
			buildPhases = (
				CEBDC79C13D860C000A5E6F2 /* Sources */,
				CEBDC79D13D860C000A5E6F2 /* Frameworks */,
				CEBDC79E13D860C000A5E6F2 /* Resources */,
			);
			buildRules = (
			);
			dependencies = (
			);
			name = news;
			productName = news;
			productReference = CE972F161434BD2100878A20 /* Catholic Calendar.app */;
			productType = "com.apple.product-type.application";
		};
/* End PBXNativeTarget section */

/* Begin PBXProject section */
		CEBDC79713D860C000A5E6F2 /* Project object */ = {
			isa = PBXProject;
			attributes = {
				LastUpgradeCheck = 0500;
			};
			buildConfigurationList = CEBDC79A13D860C000A5E6F2 /* Build configuration list for PBXProject "news" */;
			compatibilityVersion = "Xcode 3.2";
			developmentRegion = English;
			hasScannedForEncodings = 0;
			knownRegions = (
				en,
				da,
				"es-ES",
				es,
				fr,
				"zh-Hans",
				"zh-Hant",
			);
			mainGroup = CEBDC79513D860C000A5E6F2;
			productRefGroup = CEBDC7A113D860C000A5E6F2 /* Products */;
			projectDirPath = "";
			projectRoot = "";
			targets = (
				CEBDC79F13D860C000A5E6F2 /* news */,
			);
		};
/* End PBXProject section */

/* Begin PBXResourcesBuildPhase section */
		CEBDC79E13D860C000A5E6F2 /* Resources */ = {
			isa = PBXResourcesBuildPhase;
			buildActionMask = 2147483647;
			files = (
				C330E4D51B031CC000BED6D9 /* Default-568h@2x.png in Resources */,
			);
			runOnlyForDeploymentPostprocessing = 0;
		};
/* End PBXResourcesBuildPhase section */

/* Begin PBXSourcesBuildPhase section */
		CEBDC79C13D860C000A5E6F2 /* Sources */ = {
			isa = PBXSourcesBuildPhase;
			buildActionMask = 2147483647;
			files = (
				CEBDC7B213D860C000A5E6F2 /* main.m in Sources */,
				C2DDB4F71B038B3C004A1AB8 /* LiturgicWrapper.mm in Sources */,
				C3C799171B049BEC003BED05 /* FSCalendarCell.m in Sources */,
				C3C799181B049BEC003BED05 /* FSCalendarHeader.m in Sources */,
				CEBDC7B513D860C000A5E6F2 /* newsAppDelegate.m in Sources */,
				C2DDB4ED1B037ABD004A1AB8 /* Calendar.cpp in Sources */,
				C2DDB4EF1B037ABD004A1AB8 /* LiturgicDay.cpp in Sources */,
				C3C7991B1B049BEC003BED05 /* UIView+FSExtension.m in Sources */,
				CEBDC7C513D86F3A00A5E6F2 /* NewsItem.m in Sources */,
				C3C1B4751B0267F7003D92E1 /* GTMNSString+HTML.m in Sources */,
				C3C7991A1B049BEC003BED05 /* NSDate+FSExtension.m in Sources */,
				C3C1B4761B0267F7003D92E1 /* NSString+HTML.m in Sources */,
				C3C1B4791B02681C003D92E1 /* NSString+Encode.m in Sources */,
				C3C1B46D1B026728003D92E1 /* DetailViewController.m in Sources */,
				C3C1B4701B0267DB003D92E1 /* GetJSON.m in Sources */,
				C2DDB4EE1B037ABD004A1AB8 /* Date.cpp in Sources */,
				C3C799191B049BEC003BED05 /* NSCalendar+FSExtension.m in Sources */,
				C3C799231B04C6AC003BED05 /* DailyLessonViewController.m in Sources */,
				C3C7991F1B049C9F003BED05 /* CalViewController.m in Sources */,
				C3C799161B049BEC003BED05 /* FSCalendar.m in Sources */,
				C2DDB4F01B037ABD004A1AB8 /* LiturgicYear.cpp in Sources */,
				C3C1B47F1B026F72003D92E1 /* Constants.m in Sources */,
				C3C1B47C1B026F31003D92E1 /* IFNNotificationDisplay.m in Sources */,
			);
			runOnlyForDeploymentPostprocessing = 0;
		};
/* End PBXSourcesBuildPhase section */

/* Begin XCBuildConfiguration section */
		CEBDC7B913D860C000A5E6F2 /* Debug */ = {
			isa = XCBuildConfiguration;
			buildSettings = {
				"CODE_SIGN_IDENTITY[sdk=iphoneos*]" = "iPhone Developer: Eduardo Tang (63927LDKBT)";
				GCC_C_LANGUAGE_STANDARD = gnu99;
				GCC_OPTIMIZATION_LEVEL = 0;
				GCC_PREPROCESSOR_DEFINITIONS = DEBUG;
				GCC_SYMBOLS_PRIVATE_EXTERN = NO;
				GCC_VERSION = com.apple.compilers.llvmgcc42;
				GCC_WARN_ABOUT_RETURN_TYPE = YES;
				GCC_WARN_UNUSED_VARIABLE = YES;
				HEADER_SEARCH_PATHS = (
					"$(BUILT_PRODUCTS_DIR)/../three20",
					"$(BUILT_PRODUCTS_DIR)/../../three20",
					../three20/Build/Products/three20,
				);
				IPHONEOS_DEPLOYMENT_TARGET = 4.3;
				ONLY_ACTIVE_ARCH = YES;
				OTHER_LDFLAGS = "-ObjC";
				"PROVISIONING_PROFILE[sdk=iphoneos*]" = "CE8B7FCD-38C7-4DCD-ADF4-6632B2890C18";
				SDKROOT = iphoneos;
			};
			name = Debug;
		};
		CEBDC7BA13D860C000A5E6F2 /* Release */ = {
			isa = XCBuildConfiguration;
			buildSettings = {
				"CODE_SIGN_IDENTITY[sdk=iphoneos*]" = "iPhone Distribution: Mulu Company Limited";
				GCC_C_LANGUAGE_STANDARD = gnu99;
				GCC_VERSION = com.apple.compilers.llvmgcc42;
				GCC_WARN_ABOUT_RETURN_TYPE = YES;
				GCC_WARN_UNUSED_VARIABLE = YES;
				HEADER_SEARCH_PATHS = (
					"$(BUILT_PRODUCTS_DIR)/../three20",
					"$(BUILT_PRODUCTS_DIR)/../../three20",
					../three20/Build/Products/three20,
				);
				IPHONEOS_DEPLOYMENT_TARGET = 4.3;
				OTHER_CFLAGS = "-DNS_BLOCK_ASSERTIONS=1";
				OTHER_LDFLAGS = "-ObjC";
				"PROVISIONING_PROFILE[sdk=iphoneos*]" = "08C23707-E7A9-45FA-AD07-B244FFF623FA";
				SDKROOT = iphoneos;
			};
			name = Release;
		};
		CEBDC7BC13D860C000A5E6F2 /* Debug */ = {
			isa = XCBuildConfiguration;
			buildSettings = {
				ALWAYS_SEARCH_USER_PATHS = YES;
				CLANG_ENABLE_OBJC_ARC = YES;
				CODE_SIGN_IDENTITY = "iPhone Developer";
				"CODE_SIGN_IDENTITY[sdk=iphoneos*]" = "";
				COPY_PHASE_STRIP = NO;
				FRAMEWORK_SEARCH_PATHS = (
					"$(inherited)",
					"\"$(SRCROOT)/../FacebookSDK\"",
				);
				GCC_DYNAMIC_NO_PIC = NO;
				GCC_PRECOMPILE_PREFIX_HEADER = YES;
				GCC_PREFIX_HEADER = "";
				GCC_VERSION = com.apple.compilers.llvm.clang.1_0;
				GCC_WARN_ABOUT_DEPRECATED_FUNCTIONS = YES;
				HEADER_SEARCH_PATHS = "";
				INFOPLIST_FILE = "news/news-Info.plist";
				IPHONEOS_DEPLOYMENT_TARGET = 7.0;
				LIBRARY_SEARCH_PATHS = (
					"$(inherited)",
					"\"$(SRCROOT)\"",
				);
				ONLY_ACTIVE_ARCH = YES;
				OTHER_LDFLAGS = "-ObjC";
				PRECOMPS_INCLUDE_HEADERS_FROM_BUILT_PRODUCTS_DIR = YES;
				PRODUCT_NAME = "Catholic Calendar";
				PROVISIONING_PROFILE = "bb679f25-4347-46e4-81d7-efff7b9cd542";
				"PROVISIONING_PROFILE[sdk=iphoneos*]" = "bb679f25-4347-46e4-81d7-efff7b9cd542";
				SCAN_ALL_SOURCE_FILES_FOR_INCLUDES = NO;
				SKIP_INSTALL = NO;
				VALID_ARCHS = "armv7 armv7s arm64";
				WRAPPER_EXTENSION = app;
			};
			name = Debug;
		};
		CEBDC7BD13D860C000A5E6F2 /* Release */ = {
			isa = XCBuildConfiguration;
			buildSettings = {
				ALWAYS_SEARCH_USER_PATHS = YES;
				CLANG_ENABLE_OBJC_ARC = YES;
				CODE_SIGN_IDENTITY = "iPhone Developer";
				"CODE_SIGN_IDENTITY[sdk=iphoneos*]" = "";
				COPY_PHASE_STRIP = YES;
				FRAMEWORK_SEARCH_PATHS = (
					"$(inherited)",
					"\"$(SRCROOT)/../FacebookSDK\"",
				);
				GCC_PRECOMPILE_PREFIX_HEADER = YES;
				GCC_PREFIX_HEADER = "";
				GCC_VERSION = com.apple.compilers.llvm.clang.1_0;
				GCC_WARN_ABOUT_DEPRECATED_FUNCTIONS = YES;
				HEADER_SEARCH_PATHS = "";
				INFOPLIST_FILE = "news/news-Info.plist";
				IPHONEOS_DEPLOYMENT_TARGET = 7.0;
				LIBRARY_SEARCH_PATHS = (
					"$(inherited)",
					"\"$(SRCROOT)\"",
				);
				ONLY_ACTIVE_ARCH = YES;
				OTHER_LDFLAGS = "-ObjC";
				PRECOMPS_INCLUDE_HEADERS_FROM_BUILT_PRODUCTS_DIR = YES;
				PRODUCT_NAME = "Catholic Calendar";
				PROVISIONING_PROFILE = "25b4130c-9dbd-4753-9d37-817002b0c181";
				"PROVISIONING_PROFILE[sdk=iphoneos*]" = "25b4130c-9dbd-4753-9d37-817002b0c181";
				SCAN_ALL_SOURCE_FILES_FOR_INCLUDES = NO;
				SKIP_INSTALL = NO;
				VALIDATE_PRODUCT = YES;
				VALID_ARCHS = "armv7 armv7s arm64";
				WRAPPER_EXTENSION = app;
			};
			name = Release;
		};
/* End XCBuildConfiguration section */

/* Begin XCConfigurationList section */
		CEBDC79A13D860C000A5E6F2 /* Build configuration list for PBXProject "news" */ = {
			isa = XCConfigurationList;
			buildConfigurations = (
				CEBDC7B913D860C000A5E6F2 /* Debug */,
				CEBDC7BA13D860C000A5E6F2 /* Release */,
			);
			defaultConfigurationIsVisible = 0;
			defaultConfigurationName = Release;
		};
		CEBDC7BB13D860C000A5E6F2 /* Build configuration list for PBXNativeTarget "news" */ = {
			isa = XCConfigurationList;
			buildConfigurations = (
				CEBDC7BC13D860C000A5E6F2 /* Debug */,
				CEBDC7BD13D860C000A5E6F2 /* Release */,
			);
			defaultConfigurationIsVisible = 0;
			defaultConfigurationName = Release;
		};
/* End XCConfigurationList section */
	};
	rootObject = CEBDC79713D860C000A5E6F2 /* Project object */;
}
